<?xml version="1.0" encoding="utf-8"?>
<Project ToolsVersion="4.0" xmlns="http://schemas.microsoft.com/developer/msbuild/2003">
  <ItemGroup>
    <Filter Include="Source Files">
      <UniqueIdentifier>{4FC737F1-C7A5-4376-A066-2A32D752A2FF}</UniqueIdentifier>
      <Extensions>cpp;c;cc;cxx;c++;cppm;ixx;def;odl;idl;hpj;bat;asm;asmx</Extensions>
    </Filter>
    <Filter Include="Header Files">
      <UniqueIdentifier>{93995380-89BD-4b04-88EB-625FBE52EBFB}</UniqueIdentifier>
      <Extensions>h;hh;hpp;hxx;h++;hm;inl;inc;ipp;xsd</Extensions>
    </Filter>
    <Filter Include="Resource Files">
      <UniqueIdentifier>{67DA6AB6-F800-4c08-8B7A-83BB121AAD01}</UniqueIdentifier>
      <Extensions>rc;ico;cur;bmp;dlg;rc2;rct;bin;rgs;gif;jpg;jpeg;jpe;resx;tiff;tif;png;wav;mfcribbon-ms</Extensions>
    </Filter>
    <Filter Include="Source Files\imgui">
      <UniqueIdentifier>{9f864bf1-abd4-49fe-ac75-b4d3f53cdd77}</UniqueIdentifier>
    </Filter>
    <Filter Include="Header Files\SortingAlgorithms">
      <UniqueIdentifier>{62bc2fff-e9ec-4f90-870b-efd25ba9549d}</UniqueIdentifier>
    </Filter>
    <Filter Include="Source Files\SortingAlgorithms">
      <UniqueIdentifier>{0982d5ce-54f9-4402-badf-5c44d62b1fec}</UniqueIdentifier>
    </Filter>
  </ItemGroup>
  <ItemGroup>
    <ClCompile Include="src\main.cpp">
      <Filter>Source Files</Filter>
    </ClCompile>
    <ClCompile Include="libraries\imgui\imgui.cpp">
      <Filter>Source Files\imgui</Filter>
    </ClCompile>
    <ClCompile Include="libraries\imgui\imgui_demo.cpp">
      <Filter>Source Files\imgui</Filter>
    </ClCompile>
    <ClCompile Include="libraries\imgui\imgui_draw.cpp">
      <Filter>Source Files\imgui</Filter>
    </ClCompile>
    <ClCompile Include="libraries\imgui\imgui_tables.cpp">
      <Filter>Source Files\imgui</Filter>
    </ClCompile>
    <ClCompile Include="libraries\imgui\imgui_widgets.cpp">
      <Filter>Source Files\imgui</Filter>
    </ClCompile>
    <ClCompile Include="libraries\imgui\imgui-SFML.cpp">
      <Filter>Source Files\imgui</Filter>
    </ClCompile>
    <ClCompile Include="src\Utilities.cpp">
      <Filter>Source Files</Filter>
    </ClCompile>
    <ClCompile Include="src\Program.cpp">
      <Filter>Source Files</Filter>
    </ClCompile>
    <ClCompile Include="src\Interface.cpp">
      <Filter>Source Files</Filter>
    </ClCompile>
    <ClCompile Include="src\BubbleSort.cpp">
      <Filter>Source Files\SortingAlgorithms</Filter>
    </ClCompile>
    <ClCompile Include="src\Manager.cpp">
      <Filter>Source Files</Filter>
    </ClCompile>
    <ClCompile Include="src\Audio.cpp">
      <Filter>Source Files</Filter>
    </ClCompile>
    <ClCompile Include="src\QuickSort.cpp">
      <Filter>Source Files\SortingAlgorithms</Filter>
    </ClCompile>
    <ClCompile Include="src\SortingAlgorithm.cpp">
      <Filter>Source Files</Filter>
    </ClCompile>
    <ClCompile Include="src\ShellSort.cpp">
      <Filter>Source Files\SortingAlgorithms</Filter>
    </ClCompile>
  </ItemGroup>
  <ItemGroup>
    <None Include=".gitignore" />
    <None Include="README.md" />
  </ItemGroup>
  <ItemGroup>
    <ClInclude Include="include\Utilities.h">
      <Filter>Header Files</Filter>
    </ClInclude>
    <ClInclude Include="include\Interface.h">
      <Filter>Header Files</Filter>
    </ClInclude>
    <ClInclude Include="include\Program.h">
      <Filter>Header Files</Filter>
    </ClInclude>
    <ClInclude Include="include\SortingAlgorithm.h">
      <Filter>Header Files</Filter>
    </ClInclude>
    <ClInclude Include="include\BubbleSort.h">
      <Filter>Header Files\SortingAlgorithms</Filter>
    </ClInclude>
    <ClInclude Include="include\Manager.h">
      <Filter>Header Files</Filter>
    </ClInclude>
    <ClInclude Include="include\Audio.h">
      <Filter>Header Files</Filter>
    </ClInclude>
    <ClInclude Include="include\QuickSort.h">
      <Filter>Header Files\SortingAlgorithms</Filter>
    </ClInclude>
    <ClInclude Include="include\ShellSort.h">
      <Filter>Header Files\SortingAlgorithms</Filter>
    </ClInclude>
  </ItemGroup>
</Project>